
Microsoft Visual Studio Solution File, Format Version 12.00
# Visual Studio Version 17
VisualStudioVersion = 17.12.35707.178 d17.12
MinimumVisualStudioVersion = 10.0.40219.1
Project("{FAE04EC0-301F-11D3-BF4B-00C04F79EFBC}") = "UI", "test\UI.csproj", "{3313C2B7-4072-4260-AC93-B8B90DFF5203}"
EndProject
Project("{FAE04EC0-301F-11D3-BF4B-00C04F79EFBC}") = "Domain", "Domain\Domain.csproj", "{F6D9F11E-A0FC-4B45-A20C-ED9B8A588A7C}"
EndProject
Project("{FAE04EC0-301F-11D3-BF4B-00C04F79EFBC}") = "Application", "Application\Application.csproj", "{8BC5EBF5-1DAE-43F0-A260-25C068529936}"
EndProject
Project("{FAE04EC0-301F-11D3-BF4B-00C04F79EFBC}") = "Persistance", "Persistance\Persistance.csproj", "{532C9C53-F3D1-4961-B390-1A6899E3CA97}"
EndProject
Global
	GlobalSection(SolutionConfigurationPlatforms) = preSolution
		Debug|Any CPU = Debug|Any CPU
		Release|Any CPU = Release|Any CPU
	EndGlobalSection
	GlobalSection(ProjectConfigurationPlatforms) = postSolution
		{3313C2B7-4072-4260-AC93-B8B90DFF5203}.Debug|Any CPU.ActiveCfg = Debug|Any CPU
		{3313C2B7-4072-4260-AC93-B8B90DFF5203}.Debug|Any CPU.Build.0 = Debug|Any CPU
		{3313C2B7-4072-4260-AC93-B8B90DFF5203}.Release|Any CPU.ActiveCfg = Release|Any CPU
		{3313C2B7-4072-4260-AC93-B8B90DFF5203}.Release|Any CPU.Build.0 = Release|Any CPU
		{F6D9F11E-A0FC-4B45-A20C-ED9B8A588A7C}.Debug|Any CPU.ActiveCfg = Debug|Any CPU
		{F6D9F11E-A0FC-4B45-A20C-ED9B8A588A7C}.Debug|Any CPU.Build.0 = Debug|Any CPU
		{F6D9F11E-A0FC-4B45-A20C-ED9B8A588A7C}.Release|Any CPU.ActiveCfg = Release|Any CPU
		{F6D9F11E-A0FC-4B45-A20C-ED9B8A588A7C}.Release|Any CPU.Build.0 = Release|Any CPU
		{8BC5EBF5-1DAE-43F0-A260-25C068529936}.Debug|Any CPU.ActiveCfg = Debug|Any CPU
		{8BC5EBF5-1DAE-43F0-A260-25C068529936}.Debug|Any CPU.Build.0 = Debug|Any CPU
		{8BC5EBF5-1DAE-43F0-A260-25C068529936}.Release|Any CPU.ActiveCfg = Release|Any CPU
		{8BC5EBF5-1DAE-43F0-A260-25C068529936}.Release|Any CPU.Build.0 = Release|Any CPU
		{532C9C53-F3D1-4961-B390-1A6899E3CA97}.Debug|Any CPU.ActiveCfg = Debug|Any CPU
		{532C9C53-F3D1-4961-B390-1A6899E3CA97}.Debug|Any CPU.Build.0 = Debug|Any CPU
		{532C9C53-F3D1-4961-B390-1A6899E3CA97}.Release|Any CPU.ActiveCfg = Release|Any CPU
		{532C9C53-F3D1-4961-B390-1A6899E3CA97}.Release|Any CPU.Build.0 = Release|Any CPU
	EndGlobalSection
	GlobalSection(SolutionProperties) = preSolution
		HideSolutionNode = FALSE
	EndGlobalSection
EndGlobal
